<?xml version="1.0" encoding="utf-8"?>
<Project ToolsVersion="4.0" xmlns="http://schemas.microsoft.com/developer/msbuild/2003">
  <ItemGroup>
    <Filter Include="Source Files">
      <UniqueIdentifier>{4FC737F1-C7A5-4376-A066-2A32D752A2FF}</UniqueIdentifier>
      <Extensions>cpp;c;cc;cxx;c++;cppm;ixx;def;odl;idl;hpj;bat;asm;asmx</Extensions>
    </Filter>
    <Filter Include="Header Files">
      <UniqueIdentifier>{93995380-89BD-4b04-88EB-625FBE52EBFB}</UniqueIdentifier>
      <Extensions>h;hh;hpp;hxx;h++;hm;inl;inc;ipp;xsd</Extensions>
    </Filter>
    <Filter Include="Resource Files">
      <UniqueIdentifier>{67DA6AB6-F800-4c08-8B7A-83BB121AAD01}</UniqueIdentifier>
      <Extensions>rc;ico;cur;bmp;dlg;rc2;rct;bin;rgs;gif;jpg;jpeg;jpe;resx;tiff;tif;png;wav;mfcribbon-ms</Extensions>
    </Filter>
    <Filter Include="Utils">
      <UniqueIdentifier>{ecce9001-f002-4a92-92f6-076595f89c21}</UniqueIdentifier>
    </Filter>
    <Filter Include="Handles">
      <UniqueIdentifier>{d2a59d88-f46f-4e51-bb86-5596e2d889fc}</UniqueIdentifier>
    </Filter>
  </ItemGroup>
  <ItemGroup>
    <ClCompile Include="main.cpp">
      <Filter>Source Files</Filter>
    </ClCompile>
    <ClCompile Include="..\Utils\SystemUtils.cpp">
      <Filter>Utils</Filter>
    </ClCompile>
    <ClCompile Include="..\Handles\ProcessHandles.cpp">
      <Filter>Handles</Filter>
    </ClCompile>
    <ClCompile Include="..\Handles\SystemHandles.cpp">
      <Filter>Handles</Filter>
    </ClCompile>
    <ClCompile Include="..\Handles\SystemDirectoryEnum.cpp">
      <Filter>Handles</Filter>
    </ClCompile>
    <ClCompile Include="..\Handles\DeviceSymlinks.cpp">
      <Filter>Handles</Filter>
    </ClCompile>
    <ClCompile Include="..\Utils\ProcessMemory.cpp">
      <Filter>Utils</Filter>
    </ClCompile>
    <ClCompile Include="..\Handles\RemoteSystemHandles.cpp">
      <Filter>Handles</Filter>
    </ClCompile>
    <ClCompile Include="..\Handles\SystemHandleImpl.cpp">
      <Filter>Handles</Filter>
    </ClCompile>
  </ItemGroup>
  <ItemGroup>
    <ClInclude Include="Log.hpp">
      <Filter>Header Files</Filter>
    </ClInclude>
    <ClInclude Include="..\Utils\SystemUtils.hpp">
      <Filter>Utils</Filter>
    </ClInclude>
    <ClInclude Include="..\Utils\Ntdll.h">
      <Filter>Utils</Filter>
    </ClInclude>
    <ClInclude Include="..\Utils\Exceptions.hpp">
      <Filter>Utils</Filter>
    </ClInclude>
    <ClInclude Include="..\Utils\CommanLine.hpp">
      <Filter>Utils</Filter>
    </ClInclude>
    <ClInclude Include="..\Utils\ScopedHandle.hpp">
      <Filter>Utils</Filter>
    </ClInclude>
    <ClInclude Include="..\Handles\SystemHandles.hpp">
      <Filter>Handles</Filter>
    </ClInclude>
    <ClInclude Include="..\Handles\ProcessHandles.hpp">
      <Filter>Handles</Filter>
    </ClInclude>
    <ClInclude Include="..\Handles\SystemDirectoryEnum.hpp">
      <Filter>Handles</Filter>
    </ClInclude>
    <ClInclude Include="..\Handles\DeviceSymlinks.hpp">
      <Filter>Handles</Filter>
    </ClInclude>
    <ClInclude Include="..\Utils\ProcessMemory.hpp">
      <Filter>Utils</Filter>
    </ClInclude>
    <ClInclude Include="..\Handles\RemoteSystemHandles.hpp">
      <Filter>Handles</Filter>
    </ClInclude>
    <ClInclude Include="..\Handles\SystemHandleImpl.hpp">
      <Filter>Handles</Filter>
    </ClInclude>
  </ItemGroup>
</Project>